// !$*UTF8*$!
{
	archiveVersion = 1;
	classes = {
	};
	objectVersion = 50;
	objects = {

/* Begin PBXBuildFile section */
		DAC9089D20CAD6C300B2E3E8 /* AppDelegate.swift in Sources */ = {isa = PBXBuildFile; fileRef = DAC9089C20CAD6C300B2E3E8 /* AppDelegate.swift */; };
		DAC9089F20CAD6C300B2E3E8 /* ViewController.swift in Sources */ = {isa = PBXBuildFile; fileRef = DAC9089E20CAD6C300B2E3E8 /* ViewController.swift */; };
		DAC908A220CAD6C300B2E3E8 /* Main.storyboard in Resources */ = {isa = PBXBuildFile; fileRef = DAC908A020CAD6C300B2E3E8 /* Main.storyboard */; };
		DAC908A420CAD6C400B2E3E8 /* Assets.xcassets in Resources */ = {isa = PBXBuildFile; fileRef = DAC908A320CAD6C400B2E3E8 /* Assets.xcassets */; };
		DAC908A720CAD6C400B2E3E8 /* LaunchScreen.storyboard in Resources */ = {isa = PBXBuildFile; fileRef = DAC908A520CAD6C400B2E3E8 /* LaunchScreen.storyboard */; };
		DAF31CF120CB2BA900BFF6F3 /* InteractiveStory.swift in Sources */ = {isa = PBXBuildFile; fileRef = DAF31CF020CB2BA900BFF6F3 /* InteractiveStory.swift */; };
/* End PBXBuildFile section */

/* Begin PBXFileReference section */
		DAC9089920CAD6C300B2E3E8 /* InteractiveStory.app */ = {isa = PBXFileReference; explicitFileType = wrapper.application; includeInIndex = 0; path = InteractiveStory.app; sourceTree = BUILT_PRODUCTS_DIR; };
		DAC9089C20CAD6C300B2E3E8 /* AppDelegate.swift */ = {isa = PBXFileReference; lastKnownFileType = sourcecode.swift; path = AppDelegate.swift; sourceTree = "<group>"; };
		DAC9089E20CAD6C300B2E3E8 /* ViewController.swift */ = {isa = PBXFileReference; lastKnownFileType = sourcecode.swift; path = ViewController.swift; sourceTree = "<group>"; };
		DAC908A120CAD6C300B2E3E8 /* Base */ = {isa = PBXFileReference; lastKnownFileType = file.storyboard; name = Base; path = Base.lproj/Main.storyboard; sourceTree = "<group>"; };
		DAC908A320CAD6C400B2E3E8 /* Assets.xcassets */ = {isa = PBXFileReference; lastKnownFileType = folder.assetcatalog; path = Assets.xcassets; sourceTree = "<group>"; };
		DAC908A620CAD6C400B2E3E8 /* Base */ = {isa = PBXFileReference; lastKnownFileType = file.storyboard; name = Base; path = Base.lproj/LaunchScreen.storyboard; sourceTree = "<group>"; };
		DAC908A820CAD6C400B2E3E8 /* Info.plist */ = {isa = PBXFileReference; lastKnownFileType = text.plist.xml; path = Info.plist; sourceTree = "<group>"; };
		DAF31CF020CB2BA900BFF6F3 /* InteractiveStory.swift */ = {isa = PBXFileReference; lastKnownFileType = sourcecode.swift; path = InteractiveStory.swift; sourceTree = "<group>"; };
/* End PBXFileReference section */

/* Begin PBXFrameworksBuildPhase section */
		DAC9089620CAD6C300B2E3E8 /* Frameworks */ = {
			isa = PBXFrameworksBuildPhase;
			buildActionMask = 2147483647;
			files = (
			);
			runOnlyForDeploymentPostprocessing = 0;
		};
/* End PBXFrameworksBuildPhase section */

/* Begin PBXGroup section */
		DAC9089020CAD6C200B2E3E8 = {
			isa = PBXGroup;
			children = (
				DAC9089B20CAD6C300B2E3E8 /* InteractiveStory */,
				DAC9089A20CAD6C300B2E3E8 /* Products */,
			);
			sourceTree = "<group>";
		};
		DAC9089A20CAD6C300B2E3E8 /* Products */ = {
			isa = PBXGroup;
			children = (
				DAC9089920CAD6C300B2E3E8 /* InteractiveStory.app */,
			);
			name = Products;
			sourceTree = "<group>";
		};
		DAC9089B20CAD6C300B2E3E8 /* InteractiveStory */ = {
			isa = PBXGroup;
			children = (
				DAC9089C20CAD6C300B2E3E8 /* AppDelegate.swift */,
				DAC9089E20CAD6C300B2E3E8 /* ViewController.swift */,
				DAC908A020CAD6C300B2E3E8 /* Main.storyboard */,
				DAC908A320CAD6C400B2E3E8 /* Assets.xcassets */,
				DAC908A520CAD6C400B2E3E8 /* LaunchScreen.storyboard */,
				DAC908A820CAD6C400B2E3E8 /* Info.plist */,
				DAF31CF020CB2BA900BFF6F3 /* InteractiveStory.swift */,
			);
			path = InteractiveStory;
			sourceTree = "<group>";
		};
/* End PBXGroup section */

/* Begin PBXNativeTarget section */
		DAC9089820CAD6C300B2E3E8 /* InteractiveStory */ = {
			isa = PBXNativeTarget;
			buildConfigurationList = DAC908AB20CAD6C400B2E3E8 /* Build configuration list for PBXNativeTarget "InteractiveStory" */;
			buildPhases = (
				DAC9089520CAD6C300B2E3E8 /* Sources */,
				DAC9089620CAD6C300B2E3E8 /* Frameworks */,
				DAC9089720CAD6C300B2E3E8 /* Resources */,
			);
			buildRules = (
			);
			dependencies = (
			);
			name = InteractiveStory;
			productName = InteractiveStory;
			productReference = DAC9089920CAD6C300B2E3E8 /* InteractiveStory.app */;
			productType = "com.apple.product-type.application";
		};
/* End PBXNativeTarget section */

/* Begin PBXProject section */
		DAC9089120CAD6C200B2E3E8 /* Project object */ = {
			isa = PBXProject;
			attributes = {
				LastSwiftUpdateCheck = 0940;
				LastUpgradeCheck = 0940;
				ORGANIZATIONNAME = hardik;
				TargetAttributes = {
					DAC9089820CAD6C300B2E3E8 = {
						CreatedOnToolsVersion = 9.4;
					};
				};
			};
			buildConfigurationList = DAC9089420CAD6C200B2E3E8 /* Build configuration list for PBXProject "InteractiveStory" */;
			compatibilityVersion = "Xcode 9.3";
			developmentRegion = en;
			hasScannedForEncodings = 0;
			knownRegions = (
				en,
				Base,
			);
			mainGroup = DAC9089020CAD6C200B2E3E8;
			productRefGroup = DAC9089A20CAD6C300B2E3E8 /* Products */;
			projectDirPath = "";
			projectRoot = "";
			targets = (
				DAC9089820CAD6C300B2E3E8 /* InteractiveStory */,
			);
		};
/* End PBXProject section */

/* Begin PBXResourcesBuildPhase section */
		DAC9089720CAD6C300B2E3E8 /* Resources */ = {
			isa = PBXResourcesBuildPhase;
			buildActionMask = 2147483647;
			files = (
				DAC908A720CAD6C400B2E3E8 /* LaunchScreen.storyboard in Resources */,
				DAC908A420CAD6C400B2E3E8 /* Assets.xcassets in Resources */,
				DAC908A220CAD6C300B2E3E8 /* Main.storyboard in Resources */,
			);
			runOnlyForDeploymentPostprocessing = 0;
		};
/* End PBXResourcesBuildPhase section */

/* Begin PBXSourcesBuildPhase section */
		DAC9089520CAD6C300B2E3E8 /* Sources */ = {
			isa = PBXSourcesBuildPhase;
			buildActionMask = 2147483647;
			files = (
				DAF31CF120CB2BA900BFF6F3 /* InteractiveStory.swift in Sources */,
				DAC9089F20CAD6C300B2E3E8 /* ViewController.swift in Sources */,
				DAC9089D20CAD6C300B2E3E8 /* AppDelegate.swift in Sources */,
			);
			runOnlyForDeploymentPostprocessing = 0;
		};
/* End PBXSourcesBuildPhase section */

/* Begin PBXVariantGroup section */
		DAC908A020CAD6C300B2E3E8 /* Main.storyboard */ = {
			isa = PBXVariantGroup;
			children = (
				DAC908A120CAD6C300B2E3E8 /* Base */,
			);
			name = Main.storyboard;
			sourceTree = "<group>";
		};
		DAC908A520CAD6C400B2E3E8 /* LaunchScreen.storyboard */ = {
			isa = PBXVariantGroup;
			children = (
				DAC908A620CAD6C400B2E3E8 /* Base */,
			);
			name = LaunchScreen.storyboard;
			sourceTree = "<group>";
		};
/* End PBXVariantGroup section */

/* Begin XCBuildConfiguration section */
		DAC908A920CAD6C400B2E3E8 /* Debug */ = {
			isa = XCBuildConfiguration;
			buildSettings = {
				ALWAYS_SEARCH_USER_PATHS = NO;
				CLANG_ANALYZER_NONNULL = YES;
				CLANG_ANALYZER_NUMBER_OBJECT_CONVERSION = YES_AGGRESSIVE;
				CLANG_CXX_LANGUAGE_STANDARD = "gnu++14";
				CLANG_CXX_LIBRARY = "libc++";
				CLANG_ENABLE_MODULES = YES;
				CLANG_ENABLE_OBJC_ARC = YES;
				CLANG_ENABLE_OBJC_WEAK = YES;
				CLANG_WARN_BLOCK_CAPTURE_AUTORELEASING = YES;
				CLANG_WARN_BOOL_CONVERSION = YES;
				CLANG_WARN_COMMA = YES;
				CLANG_WARN_CONSTANT_CONVERSION = YES;
				CLANG_WARN_DEPRECATED_OBJC_IMPLEMENTATIONS = YES;
				CLANG_WARN_DIRECT_OBJC_ISA_USAGE = YES_ERROR;
				CLANG_WARN_DOCUMENTATION_COMMENTS = YES;
				CLANG_WARN_EMPTY_BODY = YES;
				CLANG_WARN_ENUM_CONVERSION = YES;
				CLANG_WARN_INFINITE_RECURSION = YES;
				CLANG_WARN_INT_CONVERSION = YES;
				CLANG_WARN_NON_LITERAL_NULL_CONVERSION = YES;
				CLANG_WARN_OBJC_IMPLICIT_RETAIN_SELF = YES;
				CLANG_WARN_OBJC_LITERAL_CONVERSION = YES;
				CLANG_WARN_OBJC_ROOT_CLASS = YES_ERROR;
				CLANG_WARN_RANGE_LOOP_ANALYSIS = YES;
				CLANG_WARN_STRICT_PROTOTYPES = YES;
				CLANG_WARN_SUSPICIOUS_MOVE = YES;
				CLANG_WARN_UNGUARDED_AVAILABILITY = YES_AGGRESSIVE;
				CLANG_WARN_UNREACHABLE_CODE = YES;
				CLANG_WARN__DUPLICATE_METHOD_MATCH = YES;
				CODE_SIGN_IDENTITY = "iPhone Developer";
				COPY_PHASE_STRIP = NO;
				DEBUG_INFORMATION_FORMAT = dwarf;
				ENABLE_STRICT_OBJC_MSGSEND = YES;
				ENABLE_TESTABILITY = YES;
				GCC_C_LANGUAGE_STANDARD = gnu11;
				GCC_DYNAMIC_NO_PIC = NO;
				GCC_NO_COMMON_BLOCKS = YES;
				GCC_OPTIMIZATION_LEVEL = 0;
				GCC_PREPROCESSOR_DEFINITIONS = (
					"DEBUG=1",
					"$(inherited)",
				);
				GCC_WARN_64_TO_32_BIT_CONVERSION = YES;
				GCC_WARN_ABOUT_RETURN_TYPE = YES_ERROR;
				GCC_WARN_UNDECLARED_SELECTOR = YES;
				GCC_WARN_UNINITIALIZED_AUTOS = YES_AGGRESSIVE;
				GCC_WARN_UNUSED_FUNCTION = YES;
				GCC_WARN_UNUSED_VARIABLE = YES;
				IPHONEOS_DEPLOYMENT_TARGET = 11.4;
				MTL_ENABLE_DEBUG_INFO = YES;
				ONLY_ACTIVE_ARCH = YES;
				SDKROOT = iphoneos;
				SWIFT_ACTIVE_COMPILATION_CONDITIONS = DEBUG;
				SWIFT_OPTIMIZATION_LEVEL = "-Onone";
			};
			name = Debug;
		};
		DAC908AA20CAD6C400B2E3E8 /* Release */ = {
			isa = XCBuildConfiguration;
			buildSettings = {
				ALWAYS_SEARCH_USER_PATHS = NO;
				CLANG_ANALYZER_NONNULL = YES;
				CLANG_ANALYZER_NUMBER_OBJECT_CONVERSION = YES_AGGRESSIVE;
				CLANG_CXX_LANGUAGE_STANDARD = "gnu++14";
				CLANG_CXX_LIBRARY = "libc++";
				CLANG_ENABLE_MODULES = YES;
				CLANG_ENABLE_OBJC_ARC = YES;
				CLANG_ENABLE_OBJC_WEAK = YES;
				CLANG_WARN_BLOCK_CAPTURE_AUTORELEASING = YES;
				CLANG_WARN_BOOL_CONVERSION = YES;
				CLANG_WARN_COMMA = YES;
				CLANG_WARN_CONSTANT_CONVERSION = YES;
				CLANG_WARN_DEPRECATED_OBJC_IMPLEMENTATIONS = YES;
				CLANG_WARN_DIRECT_OBJC_ISA_USAGE = YES_ERROR;
				CLANG_WARN_DOCUMENTATION_COMMENTS = YES;
				CLANG_WARN_EMPTY_BODY = YES;
				CLANG_WARN_ENUM_CONVERSION = YES;
				CLANG_WARN_INFINITE_RECURSION = YES;
				CLANG_WARN_INT_CONVERSION = YES;
				CLANG_WARN_NON_LITERAL_NULL_CONVERSION = YES;
				CLANG_WARN_OBJC_IMPLICIT_RETAIN_SELF = YES;
				CLANG_WARN_OBJC_LITERAL_CONVERSION = YES;
				CLANG_WARN_OBJC_ROOT_CLASS = YES_ERROR;
				CLANG_WARN_RANGE_LOOP_ANALYSIS = YES;
				CLANG_WARN_STRICT_PROTOTYPES = YES;
				CLANG_WARN_SUSPICIOUS_MOVE = YES;
				CLANG_WARN_UNGUARDED_AVAILABILITY = YES_AGGRESSIVE;
				CLANG_WARN_UNREACHABLE_CODE = YES;
				CLANG_WARN__DUPLICATE_METHOD_MATCH = YES;
				CODE_SIGN_IDENTITY = "iPhone Developer";
				COPY_PHASE_STRIP = NO;
				DEBUG_INFORMATION_FORMAT = "dwarf-with-dsym";
				ENABLE_NS_ASSERTIONS = NO;
				ENABLE_STRICT_OBJC_MSGSEND = YES;
				GCC_C_LANGUAGE_STANDARD = gnu11;
				GCC_NO_COMMON_BLOCKS = YES;
				GCC_WARN_64_TO_32_BIT_CONVERSION = YES;
				GCC_WARN_ABOUT_RETURN_TYPE = YES_ERROR;
				GCC_WARN_UNDECLARED_SELECTOR = YES;
				GCC_WARN_UNINITIALIZED_AUTOS = YES_AGGRESSIVE;
				GCC_WARN_UNUSED_FUNCTION = YES;
				GCC_WARN_UNUSED_VARIABLE = YES;
				IPHONEOS_DEPLOYMENT_TARGET = 11.4;
				MTL_ENABLE_DEBUG_INFO = NO;
				SDKROOT = iphoneos;
				SWIFT_COMPILATION_MODE = wholemodule;
				SWIFT_OPTIMIZATION_LEVEL = "-O";
				VALIDATE_PRODUCT = YES;
			};
			name = Release;
		};
		DAC908AC20CAD6C400B2E3E8 /* Debug */ = {
			isa = XCBuildConfiguration;
			buildSettings = {
				ASSETCATALOG_COMPILER_APPICON_NAME = AppIcon;
				CODE_SIGN_STYLE = Automatic;
				DEVELOPMENT_TEAM = UBDRU5223P;
				INFOPLIST_FILE = InteractiveStory/Info.plist;
				LD_RUNPATH_SEARCH_PATHS = (
					"$(inherited)",
					"@executable_path/Frameworks",
				);
				PRODUCT_BUNDLE_IDENTIFIER = com.hardikIOS.InteractiveStory;
				PRODUCT_NAME = "$(TARGET_NAME)";
				SWIFT_VERSION = 4.0;
				TARGETED_DEVICE_FAMILY = "1,2";
			};
			name = Debug;
		};
		DAC908AD20CAD6C400B2E3E8 /* Release */ = {
			isa = XCBuildConfiguration;
			buildSettings = {
				ASSETCATALOG_COMPILER_APPICON_NAME = AppIcon;
				CODE_SIGN_STYLE = Automatic;
				DEVELOPMENT_TEAM = UBDRU5223P;
				INFOPLIST_FILE = InteractiveStory/Info.plist;
				LD_RUNPATH_SEARCH_PATHS = (
					"$(inherited)",
					"@executable_path/Frameworks",
				);
				PRODUCT_BUNDLE_IDENTIFIER = com.hardikIOS.InteractiveStory;
				PRODUCT_NAME = "$(TARGET_NAME)";
				SWIFT_VERSION = 4.0;
				TARGETED_DEVICE_FAMILY = "1,2";
			};
			name = Release;
		};
/* End XCBuildConfiguration section */

/* Begin XCConfigurationList section */
		DAC9089420CAD6C200B2E3E8 /* Build configuration list for PBXProject "InteractiveStory" */ = {
			isa = XCConfigurationList;
			buildConfigurations = (
				DAC908A920CAD6C400B2E3E8 /* Debug */,
				DAC908AA20CAD6C400B2E3E8 /* Release */,
			);
			defaultConfigurationIsVisible = 0;
			defaultConfigurationName = Release;
		};
		DAC908AB20CAD6C400B2E3E8 /* Build configuration list for PBXNativeTarget "InteractiveStory" */ = {
			isa = XCConfigurationList;
			buildConfigurations = (
				DAC908AC20CAD6C400B2E3E8 /* Debug */,
				DAC908AD20CAD6C400B2E3E8 /* Release */,
			);
			defaultConfigurationIsVisible = 0;
			defaultConfigurationName = Release;
		};
/* End XCConfigurationList section */
	};
	rootObject = DAC9089120CAD6C200B2E3E8 /* Project object */;
}
